
Microsoft Visual Studio Solution File, Format Version 12.00
# Visual Studio 15
VisualStudioVersion = 15.0.26730.15
MinimumVisualStudioVersion = 10.0.40219.1
Project("{FAE04EC0-301F-11D3-BF4B-00C04F79EFBC}") = "WebAPI", "WebAPI\WebAPI.csproj", "{9CEB7E7D-3C7E-4E50-9961-9E51630EC630}"
EndProject
Project("{FAE04EC0-301F-11D3-BF4B-00C04F79EFBC}") = "Data", "Data\Data.csproj", "{8F8F7BE9-2A5C-4BB9-A3A7-A197D2226692}"
EndProject
Project("{00D1A9C2-B5F0-4AF3-8072-F6C62B433612}") = "DB", "DB\DB.sqlproj", "{ADB1B50D-9586-4A36-9820-3C6605C37353}"
EndProject
Project("{FAE04EC0-301F-11D3-BF4B-00C04F79EFBC}") = "Model", "Models\Model.csproj", "{E718B4EB-8E98-4F76-8D6F-4EBE0C8663F1}"
EndProject
Project("{FAE04EC0-301F-11D3-BF4B-00C04F79EFBC}") = "Service", "Service\Service.csproj", "{ABC62407-8861-4730-B6A7-B4A578BF8B4B}"
EndProject
Project("{FAE04EC0-301F-11D3-BF4B-00C04F79EFBC}") = "Utils", "Utils\Utils.csproj", "{83D7D2F7-DDFD-40C3-A8BC-57E92467E11D}"
EndProject
Project("{FAE04EC0-301F-11D3-BF4B-00C04F79EFBC}") = "UnitTests", "UnitTests\UnitTests.csproj", "{3FD3B577-33F8-4BB6-92E4-E433124A6010}"
EndProject
Global
	GlobalSection(SolutionConfigurationPlatforms) = preSolution
		Debug|Any CPU = Debug|Any CPU
		Release|Any CPU = Release|Any CPU
	EndGlobalSection
	GlobalSection(ProjectConfigurationPlatforms) = postSolution
		{9CEB7E7D-3C7E-4E50-9961-9E51630EC630}.Debug|Any CPU.ActiveCfg = Debug|Any CPU
		{9CEB7E7D-3C7E-4E50-9961-9E51630EC630}.Debug|Any CPU.Build.0 = Debug|Any CPU
		{9CEB7E7D-3C7E-4E50-9961-9E51630EC630}.Release|Any CPU.ActiveCfg = Release|Any CPU
		{9CEB7E7D-3C7E-4E50-9961-9E51630EC630}.Release|Any CPU.Build.0 = Release|Any CPU
		{8F8F7BE9-2A5C-4BB9-A3A7-A197D2226692}.Debug|Any CPU.ActiveCfg = Debug|Any CPU
		{8F8F7BE9-2A5C-4BB9-A3A7-A197D2226692}.Debug|Any CPU.Build.0 = Debug|Any CPU
		{8F8F7BE9-2A5C-4BB9-A3A7-A197D2226692}.Release|Any CPU.ActiveCfg = Release|Any CPU
		{8F8F7BE9-2A5C-4BB9-A3A7-A197D2226692}.Release|Any CPU.Build.0 = Release|Any CPU
		{ADB1B50D-9586-4A36-9820-3C6605C37353}.Debug|Any CPU.ActiveCfg = Debug|Any CPU
		{ADB1B50D-9586-4A36-9820-3C6605C37353}.Debug|Any CPU.Build.0 = Debug|Any CPU
		{ADB1B50D-9586-4A36-9820-3C6605C37353}.Debug|Any CPU.Deploy.0 = Debug|Any CPU
		{ADB1B50D-9586-4A36-9820-3C6605C37353}.Release|Any CPU.ActiveCfg = Release|Any CPU
		{ADB1B50D-9586-4A36-9820-3C6605C37353}.Release|Any CPU.Build.0 = Release|Any CPU
		{ADB1B50D-9586-4A36-9820-3C6605C37353}.Release|Any CPU.Deploy.0 = Release|Any CPU
		{E718B4EB-8E98-4F76-8D6F-4EBE0C8663F1}.Debug|Any CPU.ActiveCfg = Debug|Any CPU
		{E718B4EB-8E98-4F76-8D6F-4EBE0C8663F1}.Debug|Any CPU.Build.0 = Debug|Any CPU
		{E718B4EB-8E98-4F76-8D6F-4EBE0C8663F1}.Release|Any CPU.ActiveCfg = Release|Any CPU
		{E718B4EB-8E98-4F76-8D6F-4EBE0C8663F1}.Release|Any CPU.Build.0 = Release|Any CPU
		{ABC62407-8861-4730-B6A7-B4A578BF8B4B}.Debug|Any CPU.ActiveCfg = Debug|Any CPU
		{ABC62407-8861-4730-B6A7-B4A578BF8B4B}.Debug|Any CPU.Build.0 = Debug|Any CPU
		{ABC62407-8861-4730-B6A7-B4A578BF8B4B}.Release|Any CPU.ActiveCfg = Release|Any CPU
		{ABC62407-8861-4730-B6A7-B4A578BF8B4B}.Release|Any CPU.Build.0 = Release|Any CPU
		{83D7D2F7-DDFD-40C3-A8BC-57E92467E11D}.Debug|Any CPU.ActiveCfg = Debug|Any CPU
		{83D7D2F7-DDFD-40C3-A8BC-57E92467E11D}.Debug|Any CPU.Build.0 = Debug|Any CPU
		{83D7D2F7-DDFD-40C3-A8BC-57E92467E11D}.Release|Any CPU.ActiveCfg = Release|Any CPU
		{83D7D2F7-DDFD-40C3-A8BC-57E92467E11D}.Release|Any CPU.Build.0 = Release|Any CPU
		{3FD3B577-33F8-4BB6-92E4-E433124A6010}.Debug|Any CPU.ActiveCfg = Debug|Any CPU
		{3FD3B577-33F8-4BB6-92E4-E433124A6010}.Debug|Any CPU.Build.0 = Debug|Any CPU
		{3FD3B577-33F8-4BB6-92E4-E433124A6010}.Release|Any CPU.ActiveCfg = Release|Any CPU
		{3FD3B577-33F8-4BB6-92E4-E433124A6010}.Release|Any CPU.Build.0 = Release|Any CPU
	EndGlobalSection
	GlobalSection(SolutionProperties) = preSolution
		HideSolutionNode = FALSE
	EndGlobalSection
	GlobalSection(ExtensibilityGlobals) = postSolution
		SolutionGuid = {53D47878-F3AC-491A-ABAA-A7C1B32D0CF3}
	EndGlobalSection
EndGlobal
